// !$*UTF8*$!
{
	archiveVersion = 1;
	classes = {
	};
	objectVersion = 77;
	objects = {

/* Begin PBXContainerItemProxy section */
		D089F1D42E68707E00FE38E8 /* PBXContainerItemProxy */ = {
			isa = PBXContainerItemProxy;
			containerPortal = D089F1AD2E68707D00FE38E8 /* Project object */;
			proxyType = 1;
			remoteGlobalIDString = D089F1B42E68707D00FE38E8;
			remoteInfo = PersonalPlanner;
		};
		D089F1DE2E68707E00FE38E8 /* PBXContainerItemProxy */ = {
			isa = PBXContainerItemProxy;
			containerPortal = D089F1AD2E68707D00FE38E8 /* Project object */;
			proxyType = 1;
			remoteGlobalIDString = D089F1B42E68707D00FE38E8;
			remoteInfo = PersonalPlanner;
		};
/* End PBXContainerItemProxy section */

/* Begin PBXFileReference section */
		D089F1B52E68707D00FE38E8 /* PersonalPlanner.app */ = {isa = PBXFileReference; explicitFileType = wrapper.application; includeInIndex = 0; path = PersonalPlanner.app; sourceTree = BUILT_PRODUCTS_DIR; };
		D089F1D32E68707E00FE38E8 /* PersonalPlannerTests.xctest */ = {isa = PBXFileReference; explicitFileType = wrapper.cfbundle; includeInIndex = 0; path = PersonalPlannerTests.xctest; sourceTree = BUILT_PRODUCTS_DIR; };
		D089F1DD2E68707E00FE38E8 /* PersonalPlannerUITests.xctest */ = {isa = PBXFileReference; explicitFileType = wrapper.cfbundle; includeInIndex = 0; path = PersonalPlannerUITests.xctest; sourceTree = BUILT_PRODUCTS_DIR; };
/* End PBXFileReference section */

/* Begin PBXFileSystemSynchronizedBuildFileExceptionSet section */
		D089F1E52E68707E00FE38E8 /* Exceptions for "PersonalPlanner" folder in "PersonalPlanner" target */ = {
			isa = PBXFileSystemSynchronizedBuildFileExceptionSet;
			membershipExceptions = (
				Info.plist,
			);
			target = D089F1B42E68707D00FE38E8 /* PersonalPlanner */;
		};
/* End PBXFileSystemSynchronizedBuildFileExceptionSet section */

/* Begin PBXFileSystemSynchronizedRootGroup section */
		D089F1B72E68707D00FE38E8 /* PersonalPlanner */ = {
			isa = PBXFileSystemSynchronizedRootGroup;
			exceptions = (
				D089F1E52E68707E00FE38E8 /* Exceptions for "PersonalPlanner" folder in "PersonalPlanner" target */,
			);
			path = PersonalPlanner;
			sourceTree = "<group>";
		};
		D089F1D62E68707E00FE38E8 /* PersonalPlannerTests */ = {
			isa = PBXFileSystemSynchronizedRootGroup;
			path = PersonalPlannerTests;
			sourceTree = "<group>";
		};
		D089F1E02E68707E00FE38E8 /* PersonalPlannerUITests */ = {
			isa = PBXFileSystemSynchronizedRootGroup;
			path = PersonalPlannerUITests;
			sourceTree = "<group>";
		};
/* End PBXFileSystemSynchronizedRootGroup section */

/* Begin PBXFrameworksBuildPhase section */
		D089F1B22E68707D00FE38E8 /* Frameworks */ = {
			isa = PBXFrameworksBuildPhase;
			buildActionMask = 2147483647;
			files = (
			);
			runOnlyForDeploymentPostprocessing = 0;
		};
		D089F1D02E68707E00FE38E8 /* Frameworks */ = {
			isa = PBXFrameworksBuildPhase;
			buildActionMask = 2147483647;
			files = (
			);
			runOnlyForDeploymentPostprocessing = 0;
		};
		D089F1DA2E68707E00FE38E8 /* Frameworks */ = {
			isa = PBXFrameworksBuildPhase;
			buildActionMask = 2147483647;
			files = (
			);
			runOnlyForDeploymentPostprocessing = 0;
		};
/* End PBXFrameworksBuildPhase section */

/* Begin PBXGroup section */
		D089F1AC2E68707D00FE38E8 = {
			isa = PBXGroup;
			children = (
				D089F1B72E68707D00FE38E8 /* PersonalPlanner */,
				D089F1D62E68707E00FE38E8 /* PersonalPlannerTests */,
				D089F1E02E68707E00FE38E8 /* PersonalPlannerUITests */,
				D089F1B62E68707D00FE38E8 /* Products */,
			);
			sourceTree = "<group>";
		};
		D089F1B62E68707D00FE38E8 /* Products */ = {
			isa = PBXGroup;
			children = (
				D089F1B52E68707D00FE38E8 /* PersonalPlanner.app */,
				D089F1D32E68707E00FE38E8 /* PersonalPlannerTests.xctest */,
				D089F1DD2E68707E00FE38E8 /* PersonalPlannerUITests.xctest */,
			);
			name = Products;
			sourceTree = "<group>";
		};
/* End PBXGroup section */

/* Begin PBXNativeTarget section */
		D089F1B42E68707D00FE38E8 /* PersonalPlanner */ = {
			isa = PBXNativeTarget;
			buildConfigurationList = D089F1E62E68707E00FE38E8 /* Build configuration list for PBXNativeTarget "PersonalPlanner" */;
			buildPhases = (
				D089F1B12E68707D00FE38E8 /* Sources */,
				D089F1B22E68707D00FE38E8 /* Frameworks */,
				D089F1B32E68707D00FE38E8 /* Resources */,
			);
			buildRules = (
			);
			dependencies = (
			);
			fileSystemSynchronizedGroups = (
				D089F1B72E68707D00FE38E8 /* PersonalPlanner */,
			);
			name = PersonalPlanner;
			packageProductDependencies = (
			);
			productName = PersonalPlanner;
			productReference = D089F1B52E68707D00FE38E8 /* PersonalPlanner.app */;
			productType = "com.apple.product-type.application";
		};
		D089F1D22E68707E00FE38E8 /* PersonalPlannerTests */ = {
			isa = PBXNativeTarget;
			buildConfigurationList = D089F1EB2E68707E00FE38E8 /* Build configuration list for PBXNativeTarget "PersonalPlannerTests" */;
			buildPhases = (
				D089F1CF2E68707E00FE38E8 /* Sources */,
				D089F1D02E68707E00FE38E8 /* Frameworks */,
				D089F1D12E68707E00FE38E8 /* Resources */,
			);
			buildRules = (
			);
			dependencies = (
				D089F1D52E68707E00FE38E8 /* PBXTargetDependency */,
			);
			fileSystemSynchronizedGroups = (
				D089F1D62E68707E00FE38E8 /* PersonalPlannerTests */,
			);
			name = PersonalPlannerTests;
			packageProductDependencies = (
			);
			productName = PersonalPlannerTests;
			productReference = D089F1D32E68707E00FE38E8 /* PersonalPlannerTests.xctest */;
			productType = "com.apple.product-type.bundle.unit-test";
		};
		D089F1DC2E68707E00FE38E8 /* PersonalPlannerUITests */ = {
			isa = PBXNativeTarget;
			buildConfigurationList = D089F1EE2E68707E00FE38E8 /* Build configuration list for PBXNativeTarget "PersonalPlannerUITests" */;
			buildPhases = (
				D089F1D92E68707E00FE38E8 /* Sources */,
				D089F1DA2E68707E00FE38E8 /* Frameworks */,
				D089F1DB2E68707E00FE38E8 /* Resources */,
			);
			buildRules = (
			);
			dependencies = (
				D089F1DF2E68707E00FE38E8 /* PBXTargetDependency */,
			);
			fileSystemSynchronizedGroups = (
				D089F1E02E68707E00FE38E8 /* PersonalPlannerUITests */,
			);
			name = PersonalPlannerUITests;
			packageProductDependencies = (
			);
			productName = PersonalPlannerUITests;
			productReference = D089F1DD2E68707E00FE38E8 /* PersonalPlannerUITests.xctest */;
			productType = "com.apple.product-type.bundle.ui-testing";
		};
/* End PBXNativeTarget section */

/* Begin PBXProject section */
		D089F1AD2E68707D00FE38E8 /* Project object */ = {
			isa = PBXProject;
			attributes = {
				BuildIndependentTargetsInParallel = 1;
				LastUpgradeCheck = 1640;
				TargetAttributes = {
					D089F1B42E68707D00FE38E8 = {
						CreatedOnToolsVersion = 16.4;
					};
					D089F1D22E68707E00FE38E8 = {
						CreatedOnToolsVersion = 16.4;
						TestTargetID = D089F1B42E68707D00FE38E8;
					};
					D089F1DC2E68707E00FE38E8 = {
						CreatedOnToolsVersion = 16.4;
						TestTargetID = D089F1B42E68707D00FE38E8;
					};
				};
			};
			buildConfigurationList = D089F1B02E68707D00FE38E8 /* Build configuration list for PBXProject "PersonalPlanner" */;
			developmentRegion = en;
			hasScannedForEncodings = 0;
			knownRegions = (
				en,
				Base,
			);
			mainGroup = D089F1AC2E68707D00FE38E8;
			minimizedProjectReferenceProxies = 1;
			preferredProjectObjectVersion = 77;
			productRefGroup = D089F1B62E68707D00FE38E8 /* Products */;
			projectDirPath = "";
			projectRoot = "";
			targets = (
				D089F1B42E68707D00FE38E8 /* PersonalPlanner */,
				D089F1D22E68707E00FE38E8 /* PersonalPlannerTests */,
				D089F1DC2E68707E00FE38E8 /* PersonalPlannerUITests */,
			);
		};
/* End PBXProject section */

/* Begin PBXResourcesBuildPhase section */
		D089F1B32E68707D00FE38E8 /* Resources */ = {
			isa = PBXResourcesBuildPhase;
			buildActionMask = 2147483647;
			files = (
			);
			runOnlyForDeploymentPostprocessing = 0;
		};
		D089F1D12E68707E00FE38E8 /* Resources */ = {
			isa = PBXResourcesBuildPhase;
			buildActionMask = 2147483647;
			files = (
			);
			runOnlyForDeploymentPostprocessing = 0;
		};
		D089F1DB2E68707E00FE38E8 /* Resources */ = {
			isa = PBXResourcesBuildPhase;
			buildActionMask = 2147483647;
			files = (
			);
			runOnlyForDeploymentPostprocessing = 0;
		};
/* End PBXResourcesBuildPhase section */

/* Begin PBXSourcesBuildPhase section */
		D089F1B12E68707D00FE38E8 /* Sources */ = {
			isa = PBXSourcesBuildPhase;
			buildActionMask = 2147483647;
			files = (
			);
			runOnlyForDeploymentPostprocessing = 0;
		};
		D089F1CF2E68707E00FE38E8 /* Sources */ = {
			isa = PBXSourcesBuildPhase;
			buildActionMask = 2147483647;
			files = (
			);
			runOnlyForDeploymentPostprocessing = 0;
		};
		D089F1D92E68707E00FE38E8 /* Sources */ = {
			isa = PBXSourcesBuildPhase;
			buildActionMask = 2147483647;
			files = (
			);
			runOnlyForDeploymentPostprocessing = 0;
		};
/* End PBXSourcesBuildPhase section */

/* Begin PBXTargetDependency section */
		D089F1D52E68707E00FE38E8 /* PBXTargetDependency */ = {
			isa = PBXTargetDependency;
			target = D089F1B42E68707D00FE38E8 /* PersonalPlanner */;
			targetProxy = D089F1D42E68707E00FE38E8 /* PBXContainerItemProxy */;
		};
		D089F1DF2E68707E00FE38E8 /* PBXTargetDependency */ = {
			isa = PBXTargetDependency;
			target = D089F1B42E68707D00FE38E8 /* PersonalPlanner */;
			targetProxy = D089F1DE2E68707E00FE38E8 /* PBXContainerItemProxy */;
		};
/* End PBXTargetDependency section */

/* Begin XCBuildConfiguration section */
		D089F1E72E68707E00FE38E8 /* Debug */ = {
			isa = XCBuildConfiguration;
			buildSettings = {
				ASSETCATALOG_COMPILER_APPICON_NAME = AppIcon;
				ASSETCATALOG_COMPILER_GLOBAL_ACCENT_COLOR_NAME = AccentColor;
				CODE_SIGN_STYLE = Automatic;
				CURRENT_PROJECT_VERSION = 1;
				DEVELOPMENT_TEAM = 4AH44BDJ32;
				GENERATE_INFOPLIST_FILE = YES;
				INFOPLIST_FILE = PersonalPlanner/Info.plist;
				INFOPLIST_KEY_UIApplicationSupportsIndirectInputEvents = YES;
				INFOPLIST_KEY_UILaunchStoryboardName = LaunchScreen;
				INFOPLIST_KEY_UIMainStoryboardFile = Main;
				INFOPLIST_KEY_UISupportedInterfaceOrientations_iPad = "UIInterfaceOrientationPortrait UIInterfaceOrientationPortraitUpsideDown UIInterfaceOrientationLandscapeLeft UIInterfaceOrientationLandscapeRight";
				INFOPLIST_KEY_UISupportedInterfaceOrientations_iPhone = "UIInterfaceOrientationPortrait UIInterfaceOrientationLandscapeLeft UIInterfaceOrientationLandscapeRight";
				LD_RUNPATH_SEARCH_PATHS = (
					"$(inherited)",
					"@executable_path/Frameworks",
				);
				MARKETING_VERSION = 1.0;
				PRODUCT_BUNDLE_IDENTIFIER = ro.example.PersonalPlanner;
				PRODUCT_NAME = "$(TARGET_NAME)";
				SWIFT_EMIT_LOC_STRINGS = YES;
				TARGETED_DEVICE_FAMILY = "1,2";
			};
			name = Debug;
		};
		D089F1E82E68707E00FE38E8 /* Release */ = {
			isa = XCBuildConfiguration;
			buildSettings = {
				ASSETCATALOG_COMPILER_APPICON_NAME = AppIcon;
				ASSETCATALOG_COMPILER_GLOBAL_ACCENT_COLOR_NAME = AccentColor;
				CODE_SIGN_STYLE = Automatic;
				CURRENT_PROJECT_VERSION = 1;
				DEVELOPMENT_TEAM = 4AH44BDJ32;
				GENERATE_INFOPLIST_FILE = YES;
				INFOPLIST_FILE = PersonalPlanner/Info.plist;
				INFOPLIST_KEY_UIApplicationSupportsIndirectInputEvents = YES;
				INFOPLIST_KEY_UILaunchStoryboardName = LaunchScreen;
				INFOPLIST_KEY_UIMainStoryboardFile = Main;
				INFOPLIST_KEY_UISupportedInterfaceOrientations_iPad = "UIInterfaceOrientationPortrait UIInterfaceOrientationPortraitUpsideDown UIInterfaceOrientationLandscapeLeft UIInterfaceOrientationLandscapeRight";
				INFOPLIST_KEY_UISupportedInterfaceOrientations_iPhone = "UIInterfaceOrientationPortrait UIInterfaceOrientationLandscapeLeft UIInterfaceOrientationLandscapeRight";
				LD_RUNPATH_SEARCH_PATHS = (
					"$(inherited)",
					"@executable_path/Frameworks",
				);
				MARKETING_VERSION = 1.0;
				PRODUCT_BUNDLE_IDENTIFIER = ro.example.PersonalPlanner;
				PRODUCT_NAME = "$(TARGET_NAME)";
				SWIFT_EMIT_LOC_STRINGS = YES;
				TARGETED_DEVICE_FAMILY = "1,2";
			};
			name = Release;
		};
		D089F1E92E68707E00FE38E8 /* Debug */ = {
			isa = XCBuildConfiguration;
			buildSettings = {
				ALWAYS_SEARCH_USER_PATHS = NO;
				ASSETCATALOG_COMPILER_GENERATE_SWIFT_ASSET_SYMBOL_EXTENSIONS = YES;
				CLANG_ANALYZER_NONNULL = YES;
				CLANG_ANALYZER_NUMBER_OBJECT_CONVERSION = YES_AGGRESSIVE;
				CLANG_CXX_LANGUAGE_STANDARD = "gnu++20";
				CLANG_ENABLE_MODULES = YES;
				CLANG_ENABLE_OBJC_ARC = YES;
				CLANG_ENABLE_OBJC_WEAK = YES;
				CLANG_WARN_BLOCK_CAPTURE_AUTORELEASING = YES;
				CLANG_WARN_BOOL_CONVERSION = YES;
				CLANG_WARN_COMMA = YES;
				CLANG_WARN_CONSTANT_CONVERSION = YES;
				CLANG_WARN_DEPRECATED_OBJC_IMPLEMENTATIONS = YES;
				CLANG_WARN_DIRECT_OBJC_ISA_USAGE = YES_ERROR;
				CLANG_WARN_DOCUMENTATION_COMMENTS = YES;
				CLANG_WARN_EMPTY_BODY = YES;
				CLANG_WARN_ENUM_CONVERSION = YES;
				CLANG_WARN_INFINITE_RECURSION = YES;
				CLANG_WARN_INT_CONVERSION = YES;
				CLANG_WARN_NON_LITERAL_NULL_CONVERSION = YES;
				CLANG_WARN_OBJC_IMPLICIT_RETAIN_SELF = YES;
				CLANG_WARN_OBJC_LITERAL_CONVERSION = YES;
				CLANG_WARN_OBJC_ROOT_CLASS = YES_ERROR;
				CLANG_WARN_QUOTED_INCLUDE_IN_FRAMEWORK_HEADER = YES;
				CLANG_WARN_RANGE_LOOP_ANALYSIS = YES;
				CLANG_WARN_STRICT_PROTOTYPES = YES;
				CLANG_WARN_SUSPICIOUS_MOVE = YES;
				CLANG_WARN_UNGUARDED_AVAILABILITY = YES_AGGRESSIVE;
				CLANG_WARN_UNREACHABLE_CODE = YES;
				CLANG_WARN__DUPLICATE_METHOD_MATCH = YES;
				COPY_PHASE_STRIP = NO;
				DEBUG_INFORMATION_FORMAT = dwarf;
				DEVELOPMENT_TEAM = 4AH44BDJ32;
				ENABLE_STRICT_OBJC_MSGSEND = YES;
				ENABLE_TESTABILITY = YES;
				ENABLE_USER_SCRIPT_SANDBOXING = YES;
				GCC_C_LANGUAGE_STANDARD = gnu17;
				GCC_DYNAMIC_NO_PIC = NO;
				GCC_NO_COMMON_BLOCKS = YES;
				GCC_OPTIMIZATION_LEVEL = 0;
				GCC_PREPROCESSOR_DEFINITIONS = (
					"DEBUG=1",
					"$(inherited)",
				);
				GCC_WARN_64_TO_32_BIT_CONVERSION = YES;
				GCC_WARN_ABOUT_RETURN_TYPE = YES_ERROR;
				GCC_WARN_UNDECLARED_SELECTOR = YES;
				GCC_WARN_UNINITIALIZED_AUTOS = YES_AGGRESSIVE;
				GCC_WARN_UNUSED_FUNCTION = YES;
				GCC_WARN_UNUSED_VARIABLE = YES;
				IPHONEOS_DEPLOYMENT_TARGET = 18.5;
				LOCALIZATION_PREFERS_STRING_CATALOGS = YES;
				MTL_ENABLE_DEBUG_INFO = INCLUDE_SOURCE;
				MTL_FAST_MATH = YES;
				ONLY_ACTIVE_ARCH = YES;
				SDKROOT = iphoneos;
			};
			name = Debug;
		};
		D089F1EA2E68707E00FE38E8 /* Release */ = {
			isa = XCBuildConfiguration;
			buildSettings = {
				ALWAYS_SEARCH_USER_PATHS = NO;
				ASSETCATALOG_COMPILER_GENERATE_SWIFT_ASSET_SYMBOL_EXTENSIONS = YES;
				CLANG_ANALYZER_NONNULL = YES;
				CLANG_ANALYZER_NUMBER_OBJECT_CONVERSION = YES_AGGRESSIVE;
				CLANG_CXX_LANGUAGE_STANDARD = "gnu++20";
				CLANG_ENABLE_MODULES = YES;
				CLANG_ENABLE_OBJC_ARC = YES;
				CLANG_ENABLE_OBJC_WEAK = YES;
				CLANG_WARN_BLOCK_CAPTURE_AUTORELEASING = YES;
				CLANG_WARN_BOOL_CONVERSION = YES;
				CLANG_WARN_COMMA = YES;
				CLANG_WARN_CONSTANT_CONVERSION = YES;
				CLANG_WARN_DEPRECATED_OBJC_IMPLEMENTATIONS = YES;
				CLANG_WARN_DIRECT_OBJC_ISA_USAGE = YES_ERROR;
				CLANG_WARN_DOCUMENTATION_COMMENTS = YES;
				CLANG_WARN_EMPTY_BODY = YES;
				CLANG_WARN_ENUM_CONVERSION = YES;
				CLANG_WARN_INFINITE_RECURSION = YES;
				CLANG_WARN_INT_CONVERSION = YES;
				CLANG_WARN_NON_LITERAL_NULL_CONVERSION = YES;
				CLANG_WARN_OBJC_IMPLICIT_RETAIN_SELF = YES;
				CLANG_WARN_OBJC_LITERAL_CONVERSION = YES;
				CLANG_WARN_OBJC_ROOT_CLASS = YES_ERROR;
				CLANG_WARN_QUOTED_INCLUDE_IN_FRAMEWORK_HEADER = YES;
				CLANG_WARN_RANGE_LOOP_ANALYSIS = YES;
				CLANG_WARN_STRICT_PROTOTYPES = YES;
				CLANG_WARN_SUSPICIOUS_MOVE = YES;
				CLANG_WARN_UNGUARDED_AVAILABILITY = YES_AGGRESSIVE;
				CLANG_WARN_UNREACHABLE_CODE = YES;
				CLANG_WARN__DUPLICATE_METHOD_MATCH = YES;
				COPY_PHASE_STRIP = NO;
				DEBUG_INFORMATION_FORMAT = "dwarf-with-dsym";
				DEVELOPMENT_TEAM = 4AH44BDJ32;
				ENABLE_NS_ASSERTIONS = NO;
				ENABLE_STRICT_OBJC_MSGSEND = YES;
				ENABLE_USER_SCRIPT_SANDBOXING = YES;
				GCC_C_LANGUAGE_STANDARD = gnu17;
				GCC_NO_COMMON_BLOCKS = YES;
				GCC_WARN_64_TO_32_BIT_CONVERSION = YES;
				GCC_WARN_ABOUT_RETURN_TYPE = YES_ERROR;
				GCC_WARN_UNDECLARED_SELECTOR = YES;
				GCC_WARN_UNINITIALIZED_AUTOS = YES_AGGRESSIVE;
				GCC_WARN_UNUSED_FUNCTION = YES;
				GCC_WARN_UNUSED_VARIABLE = YES;
				IPHONEOS_DEPLOYMENT_TARGET = 18.5;
				LOCALIZATION_PREFERS_STRING_CATALOGS = YES;
				MTL_ENABLE_DEBUG_INFO = NO;
				MTL_FAST_MATH = YES;
				SDKROOT = iphoneos;
				VALIDATE_PRODUCT = YES;
			};
			name = Release;
		};
		D089F1EC2E68707E00FE38E8 /* Debug */ = {
			isa = XCBuildConfiguration;
			buildSettings = {
				BUNDLE_LOADER = "$(TEST_HOST)";
				CODE_SIGN_STYLE = Automatic;
				CURRENT_PROJECT_VERSION = 1;
				DEVELOPMENT_TEAM = 4AH44BDJ32;
				GENERATE_INFOPLIST_FILE = YES;
				IPHONEOS_DEPLOYMENT_TARGET = 18.5;
				MARKETING_VERSION = 1.0;
				PRODUCT_BUNDLE_IDENTIFIER = ro.example.PersonalPlannerTests;
				PRODUCT_NAME = "$(TARGET_NAME)";
				SWIFT_EMIT_LOC_STRINGS = NO;
				TARGETED_DEVICE_FAMILY = "1,2";
				TEST_HOST = "$(BUILT_PRODUCTS_DIR)/PersonalPlanner.app/$(BUNDLE_EXECUTABLE_FOLDER_PATH)/PersonalPlanner";
			};
			name = Debug;
		};
		D089F1ED2E68707E00FE38E8 /* Release */ = {
			isa = XCBuildConfiguration;
			buildSettings = {
				BUNDLE_LOADER = "$(TEST_HOST)";
				CODE_SIGN_STYLE = Automatic;
				CURRENT_PROJECT_VERSION = 1;
				DEVELOPMENT_TEAM = 4AH44BDJ32;
				GENERATE_INFOPLIST_FILE = YES;
				IPHONEOS_DEPLOYMENT_TARGET = 18.5;
				MARKETING_VERSION = 1.0;
				PRODUCT_BUNDLE_IDENTIFIER = ro.example.PersonalPlannerTests;
				PRODUCT_NAME = "$(TARGET_NAME)";
				SWIFT_EMIT_LOC_STRINGS = NO;
				TARGETED_DEVICE_FAMILY = "1,2";
				TEST_HOST = "$(BUILT_PRODUCTS_DIR)/PersonalPlanner.app/$(BUNDLE_EXECUTABLE_FOLDER_PATH)/PersonalPlanner";
			};
			name = Release;
		};
		D089F1EF2E68707E00FE38E8 /* Debug */ = {
			isa = XCBuildConfiguration;
			buildSettings = {
				CODE_SIGN_STYLE = Automatic;
				CURRENT_PROJECT_VERSION = 1;
				DEVELOPMENT_TEAM = 4AH44BDJ32;
				GENERATE_INFOPLIST_FILE = YES;
				MARKETING_VERSION = 1.0;
				PRODUCT_BUNDLE_IDENTIFIER = ro.example.PersonalPlannerUITests;
				PRODUCT_NAME = "$(TARGET_NAME)";
				SWIFT_EMIT_LOC_STRINGS = NO;
				TARGETED_DEVICE_FAMILY = "1,2";
				TEST_TARGET_NAME = PersonalPlanner;
			};
			name = Debug;
		};
		D089F1F02E68707E00FE38E8 /* Release */ = {
			isa = XCBuildConfiguration;
			buildSettings = {
				CODE_SIGN_STYLE = Automatic;
				CURRENT_PROJECT_VERSION = 1;
				DEVELOPMENT_TEAM = 4AH44BDJ32;
				GENERATE_INFOPLIST_FILE = YES;
				MARKETING_VERSION = 1.0;
				PRODUCT_BUNDLE_IDENTIFIER = ro.example.PersonalPlannerUITests;
				PRODUCT_NAME = "$(TARGET_NAME)";
				SWIFT_EMIT_LOC_STRINGS = NO;
				TARGETED_DEVICE_FAMILY = "1,2";
				TEST_TARGET_NAME = PersonalPlanner;
			};
			name = Release;
		};
/* End XCBuildConfiguration section */

/* Begin XCConfigurationList section */
		D089F1B02E68707D00FE38E8 /* Build configuration list for PBXProject "PersonalPlanner" */ = {
			isa = XCConfigurationList;
			buildConfigurations = (
				D089F1E92E68707E00FE38E8 /* Debug */,
				D089F1EA2E68707E00FE38E8 /* Release */,
			);
			defaultConfigurationIsVisible = 0;
			defaultConfigurationName = Release;
		};
		D089F1E62E68707E00FE38E8 /* Build configuration list for PBXNativeTarget "PersonalPlanner" */ = {
			isa = XCConfigurationList;
			buildConfigurations = (
				D089F1E72E68707E00FE38E8 /* Debug */,
				D089F1E82E68707E00FE38E8 /* Release */,
			);
			defaultConfigurationIsVisible = 0;
			defaultConfigurationName = Release;
		};
		D089F1EB2E68707E00FE38E8 /* Build configuration list for PBXNativeTarget "PersonalPlannerTests" */ = {
			isa = XCConfigurationList;
			buildConfigurations = (
				D089F1EC2E68707E00FE38E8 /* Debug */,
				D089F1ED2E68707E00FE38E8 /* Release */,
			);
			defaultConfigurationIsVisible = 0;
			defaultConfigurationName = Release;
		};
		D089F1EE2E68707E00FE38E8 /* Build configuration list for PBXNativeTarget "PersonalPlannerUITests" */ = {
			isa = XCConfigurationList;
			buildConfigurations = (
				D089F1EF2E68707E00FE38E8 /* Debug */,
				D089F1F02E68707E00FE38E8 /* Release */,
			);
			defaultConfigurationIsVisible = 0;
			defaultConfigurationName = Release;
		};
/* End XCConfigurationList section */
	};
	rootObject = D089F1AD2E68707D00FE38E8 /* Project object */;
}
